
Microsoft Visual Studio Solution File, Format Version 12.00
# Visual Studio Version 16
VisualStudioVersion = 16.0.30104.148
MinimumVisualStudioVersion = 10.0.40219.1
Project("{FAE04EC0-301F-11D3-BF4B-00C04F79EFBC}") = "PPG_ECG data collection", "SaveTextFile\PPG_ECG data collection.csproj", "{4BF9A31E-E7F5-4455-B267-C0D910835C81}"
EndProject
Global
	GlobalSection(SolutionConfigurationPlatforms) = preSolution
		Debug|x86 = Debug|x86
		Release|x86 = Release|x86
	EndGlobalSection
	GlobalSection(ProjectConfigurationPlatforms) = postSolution
		{4BF9A31E-E7F5-4455-B267-C0D910835C81}.Debug|x86.ActiveCfg = Debug|x86
		{4BF9A31E-E7F5-4455-B267-C0D910835C81}.Debug|x86.Build.0 = Debug|x86
		{4BF9A31E-E7F5-4455-B267-C0D910835C81}.Release|x86.ActiveCfg = Release|x86
		{4BF9A31E-E7F5-4455-B267-C0D910835C81}.Release|x86.Build.0 = Release|x86
	EndGlobalSection
	GlobalSection(SolutionProperties) = preSolution
		HideSolutionNode = FALSE
	EndGlobalSection
	GlobalSection(ExtensibilityGlobals) = postSolution
		SolutionGuid = {B609CA91-0683-483F-AE37-980F70F4BD32}
	EndGlobalSection
EndGlobal
